
Microsoft Visual Studio Solution File, Format Version 12.00
# Visual Studio Version 16
VisualStudioVersion = 16.0.30804.86
MinimumVisualStudioVersion = 15.0.26124.0
Project("{2150E333-8FDC-42A3-9474-1A3956D46DE8}") = "bin", "bin", "{6C7C4DA1-0F1A-444C-9946-9996F8D40338}"
	ProjectSection(SolutionItems) = preProject
		bin\build = bin\build
		bin\publish = bin\publish
		bin\run = bin\run
		bin\watch = bin\watch
	EndProjectSection
EndProject
Project("{2150E333-8FDC-42A3-9474-1A3956D46DE8}") = "src", "src", "{5478DBA0-A595-4273-9F9D-3D5E11A8ECE8}"
EndProject
Project("{9A19103F-16F7-4668-BE54-9A1E7A4F7556}") = "slskd", "src\slskd\slskd.csproj", "{E9EA3F80-07F4-4BEF-A233-5D87EF7D9ABC}"
EndProject
Project("{2150E333-8FDC-42A3-9474-1A3956D46DE8}") = "Solution Items", "Solution Items", "{CA2A6837-A966-4198-9B62-32D0110CA078}"
	ProjectSection(SolutionItems) = preProject
		.dockerignore = .dockerignore
		.gitignore = .gitignore
		Dockerfile = Dockerfile
		LICENSE = LICENSE
		README.md = README.md
	EndProjectSection
EndProject
Project("{2150E333-8FDC-42A3-9474-1A3956D46DE8}") = ".github", ".github", "{6186A99C-FE43-4C97-8A6A-F27432F44282}"
EndProject
Project("{2150E333-8FDC-42A3-9474-1A3956D46DE8}") = "workflows", "workflows", "{ED2A1CCD-9C47-4AB5-AF00-84EF507E2402}"
	ProjectSection(SolutionItems) = preProject
		.github\workflows\ci.yml = .github\workflows\ci.yml
	EndProjectSection
EndProject
Project("{2150E333-8FDC-42A3-9474-1A3956D46DE8}") = "tests", "tests", "{137724E1-1613-4EFC-BD67-399A620AEABF}"
EndProject
Project("{9A19103F-16F7-4668-BE54-9A1E7A4F7556}") = "slskd.Tests.Unit", "tests\slskd.Tests.Unit\slskd.Tests.Unit.csproj", "{2777623C-3DBE-4EB4-A092-DFEA7BD8EA3A}"
EndProject
Project("{9A19103F-16F7-4668-BE54-9A1E7A4F7556}") = "slskd.Tests.Integration", "tests\slskd.Tests.Integration\slskd.Tests.Integration.csproj", "{6BF0549C-F88D-43F9-85EE-388BA5FC38D0}"
EndProject
Project("{2150E333-8FDC-42A3-9474-1A3956D46DE8}") = "configuration", "configuration", "{CFC23637-4439-4C7B-ACF4-AF04B2E65315}"
	ProjectSection(SolutionItems) = preProject
		.github\configuration\changelog.json = .github\configuration\changelog.json
	EndProjectSection
EndProject
Global
	GlobalSection(SolutionConfigurationPlatforms) = preSolution
		Debug|Any CPU = Debug|Any CPU
		Release|Any CPU = Release|Any CPU
	EndGlobalSection
	GlobalSection(ProjectConfigurationPlatforms) = postSolution
		{E9EA3F80-07F4-4BEF-A233-5D87EF7D9ABC}.Debug|Any CPU.ActiveCfg = Debug|Any CPU
		{E9EA3F80-07F4-4BEF-A233-5D87EF7D9ABC}.Debug|Any CPU.Build.0 = Debug|Any CPU
		{E9EA3F80-07F4-4BEF-A233-5D87EF7D9ABC}.Release|Any CPU.ActiveCfg = Release|Any CPU
		{E9EA3F80-07F4-4BEF-A233-5D87EF7D9ABC}.Release|Any CPU.Build.0 = Release|Any CPU
		{2777623C-3DBE-4EB4-A092-DFEA7BD8EA3A}.Debug|Any CPU.ActiveCfg = Debug|Any CPU
		{2777623C-3DBE-4EB4-A092-DFEA7BD8EA3A}.Debug|Any CPU.Build.0 = Debug|Any CPU
		{2777623C-3DBE-4EB4-A092-DFEA7BD8EA3A}.Release|Any CPU.ActiveCfg = Release|Any CPU
		{2777623C-3DBE-4EB4-A092-DFEA7BD8EA3A}.Release|Any CPU.Build.0 = Release|Any CPU
		{6BF0549C-F88D-43F9-85EE-388BA5FC38D0}.Debug|Any CPU.ActiveCfg = Debug|Any CPU
		{6BF0549C-F88D-43F9-85EE-388BA5FC38D0}.Debug|Any CPU.Build.0 = Debug|Any CPU
		{6BF0549C-F88D-43F9-85EE-388BA5FC38D0}.Release|Any CPU.ActiveCfg = Release|Any CPU
		{6BF0549C-F88D-43F9-85EE-388BA5FC38D0}.Release|Any CPU.Build.0 = Release|Any CPU
	EndGlobalSection
	GlobalSection(SolutionProperties) = preSolution
		HideSolutionNode = FALSE
	EndGlobalSection
	GlobalSection(NestedProjects) = preSolution
		{E9EA3F80-07F4-4BEF-A233-5D87EF7D9ABC} = {5478DBA0-A595-4273-9F9D-3D5E11A8ECE8}
		{ED2A1CCD-9C47-4AB5-AF00-84EF507E2402} = {6186A99C-FE43-4C97-8A6A-F27432F44282}
		{2777623C-3DBE-4EB4-A092-DFEA7BD8EA3A} = {137724E1-1613-4EFC-BD67-399A620AEABF}
		{6BF0549C-F88D-43F9-85EE-388BA5FC38D0} = {137724E1-1613-4EFC-BD67-399A620AEABF}
		{CFC23637-4439-4C7B-ACF4-AF04B2E65315} = {6186A99C-FE43-4C97-8A6A-F27432F44282}
	EndGlobalSection
	GlobalSection(ExtensibilityGlobals) = postSolution
		SolutionGuid = {A793ED59-76F4-4874-846B-2A199C92A48E}
	EndGlobalSection
EndGlobal
